
Microsoft Visual Studio Solution File, Format Version 12.00
# Visual Studio 15
VisualStudioVersion = 15.0.27004.2005
MinimumVisualStudioVersion = 10.0.40219.1
Project("{FAE04EC0-301F-11D3-BF4B-00C04F79EFBC}") = "FxITransit", "FxITransit\FxITransit\FxITransit.csproj", "{938D4267-276F-4DBD-905B-08F98B91D6C6}"
EndProject
Project("{FAE04EC0-301F-11D3-BF4B-00C04F79EFBC}") = "FxITransit.Android", "FxITransit\FxITransit.Android\FxITransit.Android.csproj", "{4D7422C6-E8C7-4AAC-8EAC-DBB0A8765FAD}"
EndProject
Project("{FAE04EC0-301F-11D3-BF4B-00C04F79EFBC}") = "FxITransit.iOS", "FxITransit\FxITransit.iOS\FxITransit.iOS.csproj", "{1FD88256-4887-49ED-957D-ED1D452CD895}"
EndProject
Project("{FAE04EC0-301F-11D3-BF4B-00C04F79EFBC}") = "FxITransit.UWP", "FxITransit\FxITransit.UWP\FxITransit.UWP.csproj", "{E51FEC90-03F5-4113-87B5-9D4E9B1EAD18}"
EndProject
Project("{2150E333-8FDC-42A3-9474-1A3956D46DE8}") = "Others", "Others", "{545414DA-D995-4EC3-A76A-5C04A8F92576}"
EndProject
Project("{2150E333-8FDC-42A3-9474-1A3956D46DE8}") = "RawIcons", "RawIcons", "{1E6C47BE-8101-405A-B238-1F263E01C8AA}"
	ProjectSection(SolutionItems) = preProject
		FxITransit\RawIcons\bus.png = FxITransit\RawIcons\bus.png
		FxITransit\RawIcons\fave_add.png = FxITransit\RawIcons\fave_add.png
		FxITransit\RawIcons\fave_off.png = FxITransit\RawIcons\fave_off.png
		FxITransit\RawIcons\Fave_on.png = FxITransit\RawIcons\Fave_on.png
		FxITransit\RawIcons\fave_remove.png = FxITransit\RawIcons\fave_remove.png
		FxITransit\RawIcons\narow_bus_stop.png = FxITransit\RawIcons\narow_bus_stop.png
		FxITransit\RawIcons\noun_466303_cc.png = FxITransit\RawIcons\noun_466303_cc.png
		FxITransit\RawIcons\wide_bus._stop.png = FxITransit\RawIcons\wide_bus._stop.png
	EndProjectSection
EndProject
Global
	GlobalSection(SolutionConfigurationPlatforms) = preSolution
		Debug|Any CPU = Debug|Any CPU
		Debug|ARM = Debug|ARM
		Debug|iPhone = Debug|iPhone
		Debug|iPhoneSimulator = Debug|iPhoneSimulator
		Debug|x64 = Debug|x64
		Debug|x86 = Debug|x86
		Release|Any CPU = Release|Any CPU
		Release|ARM = Release|ARM
		Release|iPhone = Release|iPhone
		Release|iPhoneSimulator = Release|iPhoneSimulator
		Release|x64 = Release|x64
		Release|x86 = Release|x86
	EndGlobalSection
	GlobalSection(ProjectConfigurationPlatforms) = postSolution
		{938D4267-276F-4DBD-905B-08F98B91D6C6}.Debug|Any CPU.ActiveCfg = Debug|Any CPU
		{938D4267-276F-4DBD-905B-08F98B91D6C6}.Debug|Any CPU.Build.0 = Debug|Any CPU
		{938D4267-276F-4DBD-905B-08F98B91D6C6}.Debug|ARM.ActiveCfg = Debug|Any CPU
		{938D4267-276F-4DBD-905B-08F98B91D6C6}.Debug|ARM.Build.0 = Debug|Any CPU
		{938D4267-276F-4DBD-905B-08F98B91D6C6}.Debug|iPhone.ActiveCfg = Debug|Any CPU
		{938D4267-276F-4DBD-905B-08F98B91D6C6}.Debug|iPhone.Build.0 = Debug|Any CPU
		{938D4267-276F-4DBD-905B-08F98B91D6C6}.Debug|iPhoneSimulator.ActiveCfg = Debug|Any CPU
		{938D4267-276F-4DBD-905B-08F98B91D6C6}.Debug|iPhoneSimulator.Build.0 = Debug|Any CPU
		{938D4267-276F-4DBD-905B-08F98B91D6C6}.Debug|x64.ActiveCfg = Debug|Any CPU
		{938D4267-276F-4DBD-905B-08F98B91D6C6}.Debug|x64.Build.0 = Debug|Any CPU
		{938D4267-276F-4DBD-905B-08F98B91D6C6}.Debug|x86.ActiveCfg = Debug|Any CPU
		{938D4267-276F-4DBD-905B-08F98B91D6C6}.Debug|x86.Build.0 = Debug|Any CPU
		{938D4267-276F-4DBD-905B-08F98B91D6C6}.Release|Any CPU.ActiveCfg = Release|Any CPU
		{938D4267-276F-4DBD-905B-08F98B91D6C6}.Release|Any CPU.Build.0 = Release|Any CPU
		{938D4267-276F-4DBD-905B-08F98B91D6C6}.Release|ARM.ActiveCfg = Release|Any CPU
		{938D4267-276F-4DBD-905B-08F98B91D6C6}.Release|ARM.Build.0 = Release|Any CPU
		{938D4267-276F-4DBD-905B-08F98B91D6C6}.Release|iPhone.ActiveCfg = Release|Any CPU
		{938D4267-276F-4DBD-905B-08F98B91D6C6}.Release|iPhone.Build.0 = Release|Any CPU
		{938D4267-276F-4DBD-905B-08F98B91D6C6}.Release|iPhoneSimulator.ActiveCfg = Release|Any CPU
		{938D4267-276F-4DBD-905B-08F98B91D6C6}.Release|iPhoneSimulator.Build.0 = Release|Any CPU
		{938D4267-276F-4DBD-905B-08F98B91D6C6}.Release|x64.ActiveCfg = Release|Any CPU
		{938D4267-276F-4DBD-905B-08F98B91D6C6}.Release|x64.Build.0 = Release|Any CPU
		{938D4267-276F-4DBD-905B-08F98B91D6C6}.Release|x86.ActiveCfg = Release|Any CPU
		{938D4267-276F-4DBD-905B-08F98B91D6C6}.Release|x86.Build.0 = Release|Any CPU
		{4D7422C6-E8C7-4AAC-8EAC-DBB0A8765FAD}.Debug|Any CPU.ActiveCfg = Debug|Any CPU
		{4D7422C6-E8C7-4AAC-8EAC-DBB0A8765FAD}.Debug|Any CPU.Build.0 = Debug|Any CPU
		{4D7422C6-E8C7-4AAC-8EAC-DBB0A8765FAD}.Debug|Any CPU.Deploy.0 = Debug|Any CPU
		{4D7422C6-E8C7-4AAC-8EAC-DBB0A8765FAD}.Debug|ARM.ActiveCfg = Debug|Any CPU
		{4D7422C6-E8C7-4AAC-8EAC-DBB0A8765FAD}.Debug|ARM.Build.0 = Debug|Any CPU
		{4D7422C6-E8C7-4AAC-8EAC-DBB0A8765FAD}.Debug|ARM.Deploy.0 = Debug|Any CPU
		{4D7422C6-E8C7-4AAC-8EAC-DBB0A8765FAD}.Debug|iPhone.ActiveCfg = Debug|Any CPU
		{4D7422C6-E8C7-4AAC-8EAC-DBB0A8765FAD}.Debug|iPhone.Build.0 = Debug|Any CPU
		{4D7422C6-E8C7-4AAC-8EAC-DBB0A8765FAD}.Debug|iPhone.Deploy.0 = Debug|Any CPU
		{4D7422C6-E8C7-4AAC-8EAC-DBB0A8765FAD}.Debug|iPhoneSimulator.ActiveCfg = Debug|Any CPU
		{4D7422C6-E8C7-4AAC-8EAC-DBB0A8765FAD}.Debug|iPhoneSimulator.Build.0 = Debug|Any CPU
		{4D7422C6-E8C7-4AAC-8EAC-DBB0A8765FAD}.Debug|iPhoneSimulator.Deploy.0 = Debug|Any CPU
		{4D7422C6-E8C7-4AAC-8EAC-DBB0A8765FAD}.Debug|x64.ActiveCfg = Debug|Any CPU
		{4D7422C6-E8C7-4AAC-8EAC-DBB0A8765FAD}.Debug|x64.Build.0 = Debug|Any CPU
		{4D7422C6-E8C7-4AAC-8EAC-DBB0A8765FAD}.Debug|x64.Deploy.0 = Debug|Any CPU
		{4D7422C6-E8C7-4AAC-8EAC-DBB0A8765FAD}.Debug|x86.ActiveCfg = Debug|Any CPU
		{4D7422C6-E8C7-4AAC-8EAC-DBB0A8765FAD}.Debug|x86.Build.0 = Debug|Any CPU
		{4D7422C6-E8C7-4AAC-8EAC-DBB0A8765FAD}.Debug|x86.Deploy.0 = Debug|Any CPU
		{4D7422C6-E8C7-4AAC-8EAC-DBB0A8765FAD}.Release|Any CPU.ActiveCfg = Release|Any CPU
		{4D7422C6-E8C7-4AAC-8EAC-DBB0A8765FAD}.Release|Any CPU.Build.0 = Release|Any CPU
		{4D7422C6-E8C7-4AAC-8EAC-DBB0A8765FAD}.Release|Any CPU.Deploy.0 = Release|Any CPU
		{4D7422C6-E8C7-4AAC-8EAC-DBB0A8765FAD}.Release|ARM.ActiveCfg = Release|Any CPU
		{4D7422C6-E8C7-4AAC-8EAC-DBB0A8765FAD}.Release|ARM.Build.0 = Release|Any CPU
		{4D7422C6-E8C7-4AAC-8EAC-DBB0A8765FAD}.Release|ARM.Deploy.0 = Release|Any CPU
		{4D7422C6-E8C7-4AAC-8EAC-DBB0A8765FAD}.Release|iPhone.ActiveCfg = Release|Any CPU
		{4D7422C6-E8C7-4AAC-8EAC-DBB0A8765FAD}.Release|iPhone.Build.0 = Release|Any CPU
		{4D7422C6-E8C7-4AAC-8EAC-DBB0A8765FAD}.Release|iPhone.Deploy.0 = Release|Any CPU
		{4D7422C6-E8C7-4AAC-8EAC-DBB0A8765FAD}.Release|iPhoneSimulator.ActiveCfg = Release|Any CPU
		{4D7422C6-E8C7-4AAC-8EAC-DBB0A8765FAD}.Release|iPhoneSimulator.Build.0 = Release|Any CPU
		{4D7422C6-E8C7-4AAC-8EAC-DBB0A8765FAD}.Release|iPhoneSimulator.Deploy.0 = Release|Any CPU
		{4D7422C6-E8C7-4AAC-8EAC-DBB0A8765FAD}.Release|x64.ActiveCfg = Release|Any CPU
		{4D7422C6-E8C7-4AAC-8EAC-DBB0A8765FAD}.Release|x64.Build.0 = Release|Any CPU
		{4D7422C6-E8C7-4AAC-8EAC-DBB0A8765FAD}.Release|x64.Deploy.0 = Release|Any CPU
		{4D7422C6-E8C7-4AAC-8EAC-DBB0A8765FAD}.Release|x86.ActiveCfg = Release|Any CPU
		{4D7422C6-E8C7-4AAC-8EAC-DBB0A8765FAD}.Release|x86.Build.0 = Release|Any CPU
		{4D7422C6-E8C7-4AAC-8EAC-DBB0A8765FAD}.Release|x86.Deploy.0 = Release|Any CPU
		{1FD88256-4887-49ED-957D-ED1D452CD895}.Debug|Any CPU.ActiveCfg = Debug|iPhone
		{1FD88256-4887-49ED-957D-ED1D452CD895}.Debug|ARM.ActiveCfg = Debug|iPhone
		{1FD88256-4887-49ED-957D-ED1D452CD895}.Debug|iPhone.ActiveCfg = Debug|iPhone
		{1FD88256-4887-49ED-957D-ED1D452CD895}.Debug|iPhone.Build.0 = Debug|iPhone
		{1FD88256-4887-49ED-957D-ED1D452CD895}.Debug|iPhoneSimulator.ActiveCfg = Debug|iPhoneSimulator
		{1FD88256-4887-49ED-957D-ED1D452CD895}.Debug|iPhoneSimulator.Build.0 = Debug|iPhoneSimulator
		{1FD88256-4887-49ED-957D-ED1D452CD895}.Debug|x64.ActiveCfg = Debug|iPhone
		{1FD88256-4887-49ED-957D-ED1D452CD895}.Debug|x86.ActiveCfg = Debug|iPhone
		{1FD88256-4887-49ED-957D-ED1D452CD895}.Release|Any CPU.ActiveCfg = Release|iPhone
		{1FD88256-4887-49ED-957D-ED1D452CD895}.Release|ARM.ActiveCfg = Release|iPhone
		{1FD88256-4887-49ED-957D-ED1D452CD895}.Release|iPhone.ActiveCfg = Release|iPhone
		{1FD88256-4887-49ED-957D-ED1D452CD895}.Release|iPhone.Build.0 = Release|iPhone
		{1FD88256-4887-49ED-957D-ED1D452CD895}.Release|iPhoneSimulator.ActiveCfg = Release|iPhoneSimulator
		{1FD88256-4887-49ED-957D-ED1D452CD895}.Release|iPhoneSimulator.Build.0 = Release|iPhoneSimulator
		{1FD88256-4887-49ED-957D-ED1D452CD895}.Release|x64.ActiveCfg = Release|iPhone
		{1FD88256-4887-49ED-957D-ED1D452CD895}.Release|x86.ActiveCfg = Release|iPhone
		{E51FEC90-03F5-4113-87B5-9D4E9B1EAD18}.Debug|Any CPU.ActiveCfg = Debug|x86
		{E51FEC90-03F5-4113-87B5-9D4E9B1EAD18}.Debug|ARM.ActiveCfg = Debug|ARM
		{E51FEC90-03F5-4113-87B5-9D4E9B1EAD18}.Debug|ARM.Build.0 = Debug|ARM
		{E51FEC90-03F5-4113-87B5-9D4E9B1EAD18}.Debug|ARM.Deploy.0 = Debug|ARM
		{E51FEC90-03F5-4113-87B5-9D4E9B1EAD18}.Debug|iPhone.ActiveCfg = Debug|x86
		{E51FEC90-03F5-4113-87B5-9D4E9B1EAD18}.Debug|iPhoneSimulator.ActiveCfg = Debug|x86
		{E51FEC90-03F5-4113-87B5-9D4E9B1EAD18}.Debug|x64.ActiveCfg = Debug|x64
		{E51FEC90-03F5-4113-87B5-9D4E9B1EAD18}.Debug|x64.Build.0 = Debug|x64
		{E51FEC90-03F5-4113-87B5-9D4E9B1EAD18}.Debug|x64.Deploy.0 = Debug|x64
		{E51FEC90-03F5-4113-87B5-9D4E9B1EAD18}.Debug|x86.ActiveCfg = Debug|x86
		{E51FEC90-03F5-4113-87B5-9D4E9B1EAD18}.Debug|x86.Build.0 = Debug|x86
		{E51FEC90-03F5-4113-87B5-9D4E9B1EAD18}.Debug|x86.Deploy.0 = Debug|x86
		{E51FEC90-03F5-4113-87B5-9D4E9B1EAD18}.Release|Any CPU.ActiveCfg = Release|x86
		{E51FEC90-03F5-4113-87B5-9D4E9B1EAD18}.Release|ARM.ActiveCfg = Release|ARM
		{E51FEC90-03F5-4113-87B5-9D4E9B1EAD18}.Release|ARM.Build.0 = Release|ARM
		{E51FEC90-03F5-4113-87B5-9D4E9B1EAD18}.Release|ARM.Deploy.0 = Release|ARM
		{E51FEC90-03F5-4113-87B5-9D4E9B1EAD18}.Release|iPhone.ActiveCfg = Release|x86
		{E51FEC90-03F5-4113-87B5-9D4E9B1EAD18}.Release|iPhoneSimulator.ActiveCfg = Release|x86
		{E51FEC90-03F5-4113-87B5-9D4E9B1EAD18}.Release|x64.ActiveCfg = Release|x64
		{E51FEC90-03F5-4113-87B5-9D4E9B1EAD18}.Release|x64.Build.0 = Release|x64
		{E51FEC90-03F5-4113-87B5-9D4E9B1EAD18}.Release|x64.Deploy.0 = Release|x64
		{E51FEC90-03F5-4113-87B5-9D4E9B1EAD18}.Release|x86.ActiveCfg = Release|x86
		{E51FEC90-03F5-4113-87B5-9D4E9B1EAD18}.Release|x86.Build.0 = Release|x86
		{E51FEC90-03F5-4113-87B5-9D4E9B1EAD18}.Release|x86.Deploy.0 = Release|x86
	EndGlobalSection
	GlobalSection(SolutionProperties) = preSolution
		HideSolutionNode = FALSE
	EndGlobalSection
	GlobalSection(NestedProjects) = preSolution
		{1E6C47BE-8101-405A-B238-1F263E01C8AA} = {545414DA-D995-4EC3-A76A-5C04A8F92576}
	EndGlobalSection
	GlobalSection(ExtensibilityGlobals) = postSolution
		SolutionGuid = {35E504D0-24BB-49ED-A705-2D250A3C7812}
	EndGlobalSection
EndGlobal
